
Microsoft Visual Studio Solution File, Format Version 12.00
# Visual Studio 15
VisualStudioVersion = 15.0.27428.1
MinimumVisualStudioVersion = 10.0.40219.1
Project("{FAE04EC0-301F-11D3-BF4B-00C04F79EFBC}") = "PuzzleWindows", "PuzzleWindows\PuzzleWindows.csproj", "{9A73FC14-96D3-4647-8858-09FE5C7C9F1A}"
EndProject
Global
	GlobalSection(SolutionConfigurationPlatforms) = preSolution
		Debug|Any CPU = Debug|Any CPU
		Release|Any CPU = Release|Any CPU
	EndGlobalSection
	GlobalSection(ProjectConfigurationPlatforms) = postSolution
		{9A73FC14-96D3-4647-8858-09FE5C7C9F1A}.Debug|Any CPU.ActiveCfg = Debug|Any CPU
		{9A73FC14-96D3-4647-8858-09FE5C7C9F1A}.Debug|Any CPU.Build.0 = Debug|Any CPU
		{9A73FC14-96D3-4647-8858-09FE5C7C9F1A}.Release|Any CPU.ActiveCfg = Release|Any CPU
		{9A73FC14-96D3-4647-8858-09FE5C7C9F1A}.Release|Any CPU.Build.0 = Release|Any CPU
	EndGlobalSection
	GlobalSection(SolutionProperties) = preSolution
		HideSolutionNode = FALSE
	EndGlobalSection
	GlobalSection(ExtensibilityGlobals) = postSolution
		SolutionGuid = {371AC520-FC0C-411F-8B55-172DD29E7E34}
	EndGlobalSection
EndGlobal
